// !$*UTF8*$!
{
	archiveVersion = 1;
	classes = {
	};
	objectVersion = 51;
	objects = {

/* Begin PBXBuildFile section */
		5FC0B1647A4668577E90B829 /* Pods_AssessmentTests.framework in Frameworks */ = {isa = PBXBuildFile; fileRef = 068A0D2D315D2F6E632F8712 /* Pods_AssessmentTests.framework */; };
		A805A1DF27BE3604C8FB1282 /* Pods_Assessment.framework in Frameworks */ = {isa = PBXBuildFile; fileRef = BE3056281A0719BEE1747ED5 /* Pods_Assessment.framework */; };
		D90497116EDA43BDEF1EBF1F /* Pods_Assessment_AssessmentUITests.framework in Frameworks */ = {isa = PBXBuildFile; fileRef = 96CBA1E699E2412C026DC7B2 /* Pods_Assessment_AssessmentUITests.framework */; };
		EE28B29A26F8C6ED00CD2C10 /* SubtitleTableViewCell.swift in Sources */ = {isa = PBXBuildFile; fileRef = EE28B29826F8C6ED00CD2C10 /* SubtitleTableViewCell.swift */; };
		EE28B29B26F8C6ED00CD2C10 /* SubtitleTableViewCell.xib in Resources */ = {isa = PBXBuildFile; fileRef = EE28B29926F8C6ED00CD2C10 /* SubtitleTableViewCell.xib */; };
		EE28B29D26F8CDC200CD2C10 /* Site.swift in Sources */ = {isa = PBXBuildFile; fileRef = EE28B29C26F8CDC200CD2C10 /* Site.swift */; };
		EE2D305426F359AB009FF321 /* AppDelegate.swift in Sources */ = {isa = PBXBuildFile; fileRef = EE2D305326F359AB009FF321 /* AppDelegate.swift */; };
		EE2D305626F359AB009FF321 /* SceneDelegate.swift in Sources */ = {isa = PBXBuildFile; fileRef = EE2D305526F359AB009FF321 /* SceneDelegate.swift */; };
		EE2D305826F359AB009FF321 /* ViewController.swift in Sources */ = {isa = PBXBuildFile; fileRef = EE2D305726F359AB009FF321 /* ViewController.swift */; };
		EE2D305B26F359AB009FF321 /* Main.storyboard in Resources */ = {isa = PBXBuildFile; fileRef = EE2D305926F359AB009FF321 /* Main.storyboard */; };
		EE2D305D26F359AE009FF321 /* Assets.xcassets in Resources */ = {isa = PBXBuildFile; fileRef = EE2D305C26F359AE009FF321 /* Assets.xcassets */; };
		EE2D306026F359AE009FF321 /* LaunchScreen.storyboard in Resources */ = {isa = PBXBuildFile; fileRef = EE2D305E26F359AE009FF321 /* LaunchScreen.storyboard */; };
		EE2D306B26F359AE009FF321 /* AssessmentTests.swift in Sources */ = {isa = PBXBuildFile; fileRef = EE2D306A26F359AE009FF321 /* AssessmentTests.swift */; };
		EE2D307626F359AE009FF321 /* AssessmentUITests.swift in Sources */ = {isa = PBXBuildFile; fileRef = EE2D307526F359AE009FF321 /* AssessmentUITests.swift */; };
		EE2D308D26F4B2E6009FF321 /* SiteInfo.swift in Sources */ = {isa = PBXBuildFile; fileRef = EE2D308C26F4B2E6009FF321 /* SiteInfo.swift */; };
/* End PBXBuildFile section */

/* Begin PBXContainerItemProxy section */
		EE2D306726F359AE009FF321 /* PBXContainerItemProxy */ = {
			isa = PBXContainerItemProxy;
			containerPortal = EE2D304826F359AB009FF321 /* Project object */;
			proxyType = 1;
			remoteGlobalIDString = EE2D304F26F359AB009FF321;
			remoteInfo = Assessment;
		};
		EE2D307226F359AE009FF321 /* PBXContainerItemProxy */ = {
			isa = PBXContainerItemProxy;
			containerPortal = EE2D304826F359AB009FF321 /* Project object */;
			proxyType = 1;
			remoteGlobalIDString = EE2D304F26F359AB009FF321;
			remoteInfo = Assessment;
		};
/* End PBXContainerItemProxy section */

/* Begin PBXFileReference section */
		068A0D2D315D2F6E632F8712 /* Pods_AssessmentTests.framework */ = {isa = PBXFileReference; explicitFileType = wrapper.framework; includeInIndex = 0; path = Pods_AssessmentTests.framework; sourceTree = BUILT_PRODUCTS_DIR; };
		42C12DB39383DBC65F585F8A /* Pods-Assessment.release.xcconfig */ = {isa = PBXFileReference; includeInIndex = 1; lastKnownFileType = text.xcconfig; name = "Pods-Assessment.release.xcconfig"; path = "Target Support Files/Pods-Assessment/Pods-Assessment.release.xcconfig"; sourceTree = "<group>"; };
		541F2E915AB89A9E227AF211 /* Pods-Assessment.debug.xcconfig */ = {isa = PBXFileReference; includeInIndex = 1; lastKnownFileType = text.xcconfig; name = "Pods-Assessment.debug.xcconfig"; path = "Target Support Files/Pods-Assessment/Pods-Assessment.debug.xcconfig"; sourceTree = "<group>"; };
		6432810C8B5EF405565925DD /* Pods-Assessment-AssessmentUITests.debug.xcconfig */ = {isa = PBXFileReference; includeInIndex = 1; lastKnownFileType = text.xcconfig; name = "Pods-Assessment-AssessmentUITests.debug.xcconfig"; path = "Target Support Files/Pods-Assessment-AssessmentUITests/Pods-Assessment-AssessmentUITests.debug.xcconfig"; sourceTree = "<group>"; };
		70121641F66FBA90EF4DB88F /* Pods-AssessmentTests.release.xcconfig */ = {isa = PBXFileReference; includeInIndex = 1; lastKnownFileType = text.xcconfig; name = "Pods-AssessmentTests.release.xcconfig"; path = "Target Support Files/Pods-AssessmentTests/Pods-AssessmentTests.release.xcconfig"; sourceTree = "<group>"; };
		96CBA1E699E2412C026DC7B2 /* Pods_Assessment_AssessmentUITests.framework */ = {isa = PBXFileReference; explicitFileType = wrapper.framework; includeInIndex = 0; path = Pods_Assessment_AssessmentUITests.framework; sourceTree = BUILT_PRODUCTS_DIR; };
		9FC3E80DE19264A8DA1F253C /* Pods-Assessment-AssessmentUITests.release.xcconfig */ = {isa = PBXFileReference; includeInIndex = 1; lastKnownFileType = text.xcconfig; name = "Pods-Assessment-AssessmentUITests.release.xcconfig"; path = "Target Support Files/Pods-Assessment-AssessmentUITests/Pods-Assessment-AssessmentUITests.release.xcconfig"; sourceTree = "<group>"; };
		BE3056281A0719BEE1747ED5 /* Pods_Assessment.framework */ = {isa = PBXFileReference; explicitFileType = wrapper.framework; includeInIndex = 0; path = Pods_Assessment.framework; sourceTree = BUILT_PRODUCTS_DIR; };
		C48170DCDE251507D4E7559B /* Pods-AssessmentTests.debug.xcconfig */ = {isa = PBXFileReference; includeInIndex = 1; lastKnownFileType = text.xcconfig; name = "Pods-AssessmentTests.debug.xcconfig"; path = "Target Support Files/Pods-AssessmentTests/Pods-AssessmentTests.debug.xcconfig"; sourceTree = "<group>"; };
		EE28B29826F8C6ED00CD2C10 /* SubtitleTableViewCell.swift */ = {isa = PBXFileReference; lastKnownFileType = sourcecode.swift; path = SubtitleTableViewCell.swift; sourceTree = "<group>"; };
		EE28B29926F8C6ED00CD2C10 /* SubtitleTableViewCell.xib */ = {isa = PBXFileReference; lastKnownFileType = file.xib; path = SubtitleTableViewCell.xib; sourceTree = "<group>"; };
		EE28B29C26F8CDC200CD2C10 /* Site.swift */ = {isa = PBXFileReference; lastKnownFileType = sourcecode.swift; path = Site.swift; sourceTree = "<group>"; };
		EE2D305026F359AB009FF321 /* Assessment.app */ = {isa = PBXFileReference; explicitFileType = wrapper.application; includeInIndex = 0; path = Assessment.app; sourceTree = BUILT_PRODUCTS_DIR; };
		EE2D305326F359AB009FF321 /* AppDelegate.swift */ = {isa = PBXFileReference; lastKnownFileType = sourcecode.swift; path = AppDelegate.swift; sourceTree = "<group>"; };
		EE2D305526F359AB009FF321 /* SceneDelegate.swift */ = {isa = PBXFileReference; lastKnownFileType = sourcecode.swift; path = SceneDelegate.swift; sourceTree = "<group>"; };
		EE2D305726F359AB009FF321 /* ViewController.swift */ = {isa = PBXFileReference; lastKnownFileType = sourcecode.swift; path = ViewController.swift; sourceTree = "<group>"; };
		EE2D305A26F359AB009FF321 /* Base */ = {isa = PBXFileReference; lastKnownFileType = file.storyboard; name = Base; path = Base.lproj/Main.storyboard; sourceTree = "<group>"; };
		EE2D305C26F359AE009FF321 /* Assets.xcassets */ = {isa = PBXFileReference; lastKnownFileType = folder.assetcatalog; path = Assets.xcassets; sourceTree = "<group>"; };
		EE2D305F26F359AE009FF321 /* Base */ = {isa = PBXFileReference; lastKnownFileType = file.storyboard; name = Base; path = Base.lproj/LaunchScreen.storyboard; sourceTree = "<group>"; };
		EE2D306126F359AE009FF321 /* Info.plist */ = {isa = PBXFileReference; lastKnownFileType = text.plist.xml; path = Info.plist; sourceTree = "<group>"; };
		EE2D306626F359AE009FF321 /* AssessmentTests.xctest */ = {isa = PBXFileReference; explicitFileType = wrapper.cfbundle; includeInIndex = 0; path = AssessmentTests.xctest; sourceTree = BUILT_PRODUCTS_DIR; };
		EE2D306A26F359AE009FF321 /* AssessmentTests.swift */ = {isa = PBXFileReference; lastKnownFileType = sourcecode.swift; path = AssessmentTests.swift; sourceTree = "<group>"; };
		EE2D306C26F359AE009FF321 /* Info.plist */ = {isa = PBXFileReference; lastKnownFileType = text.plist.xml; path = Info.plist; sourceTree = "<group>"; };
		EE2D307126F359AE009FF321 /* AssessmentUITests.xctest */ = {isa = PBXFileReference; explicitFileType = wrapper.cfbundle; includeInIndex = 0; path = AssessmentUITests.xctest; sourceTree = BUILT_PRODUCTS_DIR; };
		EE2D307526F359AE009FF321 /* AssessmentUITests.swift */ = {isa = PBXFileReference; lastKnownFileType = sourcecode.swift; path = AssessmentUITests.swift; sourceTree = "<group>"; };
		EE2D307726F359AE009FF321 /* Info.plist */ = {isa = PBXFileReference; lastKnownFileType = text.plist.xml; path = Info.plist; sourceTree = "<group>"; };
		EE2D308C26F4B2E6009FF321 /* SiteInfo.swift */ = {isa = PBXFileReference; lastKnownFileType = sourcecode.swift; path = SiteInfo.swift; sourceTree = "<group>"; };
/* End PBXFileReference section */

/* Begin PBXFrameworksBuildPhase section */
		EE2D304D26F359AB009FF321 /* Frameworks */ = {
			isa = PBXFrameworksBuildPhase;
			buildActionMask = 2147483647;
			files = (
				A805A1DF27BE3604C8FB1282 /* Pods_Assessment.framework in Frameworks */,
			);
			runOnlyForDeploymentPostprocessing = 0;
		};
		EE2D306326F359AE009FF321 /* Frameworks */ = {
			isa = PBXFrameworksBuildPhase;
			buildActionMask = 2147483647;
			files = (
				5FC0B1647A4668577E90B829 /* Pods_AssessmentTests.framework in Frameworks */,
			);
			runOnlyForDeploymentPostprocessing = 0;
		};
		EE2D306E26F359AE009FF321 /* Frameworks */ = {
			isa = PBXFrameworksBuildPhase;
			buildActionMask = 2147483647;
			files = (
				D90497116EDA43BDEF1EBF1F /* Pods_Assessment_AssessmentUITests.framework in Frameworks */,
			);
			runOnlyForDeploymentPostprocessing = 0;
		};
/* End PBXFrameworksBuildPhase section */

/* Begin PBXGroup section */
		41EE4F98D19C86EBB2150656 /* Pods */ = {
			isa = PBXGroup;
			children = (
				541F2E915AB89A9E227AF211 /* Pods-Assessment.debug.xcconfig */,
				42C12DB39383DBC65F585F8A /* Pods-Assessment.release.xcconfig */,
				6432810C8B5EF405565925DD /* Pods-Assessment-AssessmentUITests.debug.xcconfig */,
				9FC3E80DE19264A8DA1F253C /* Pods-Assessment-AssessmentUITests.release.xcconfig */,
				C48170DCDE251507D4E7559B /* Pods-AssessmentTests.debug.xcconfig */,
				70121641F66FBA90EF4DB88F /* Pods-AssessmentTests.release.xcconfig */,
			);
			path = Pods;
			sourceTree = "<group>";
		};
		A95FBC8A31F08C79376F71C9 /* Frameworks */ = {
			isa = PBXGroup;
			children = (
				BE3056281A0719BEE1747ED5 /* Pods_Assessment.framework */,
				96CBA1E699E2412C026DC7B2 /* Pods_Assessment_AssessmentUITests.framework */,
				068A0D2D315D2F6E632F8712 /* Pods_AssessmentTests.framework */,
			);
			name = Frameworks;
			sourceTree = "<group>";
		};
		EE28B29526F8C6BB00CD2C10 /* TableViewCells */ = {
			isa = PBXGroup;
			children = (
				EE28B29726F8C6D200CD2C10 /* SubtitleCell */,
			);
			path = TableViewCells;
			sourceTree = "<group>";
		};
		EE28B29726F8C6D200CD2C10 /* SubtitleCell */ = {
			isa = PBXGroup;
			children = (
				EE28B29826F8C6ED00CD2C10 /* SubtitleTableViewCell.swift */,
				EE28B29926F8C6ED00CD2C10 /* SubtitleTableViewCell.xib */,
			);
			path = SubtitleCell;
			sourceTree = "<group>";
		};
		EE2D304726F359AB009FF321 = {
			isa = PBXGroup;
			children = (
				EE2D305226F359AB009FF321 /* Assessment */,
				EE2D306926F359AE009FF321 /* AssessmentTests */,
				EE2D307426F359AE009FF321 /* AssessmentUITests */,
				EE2D305126F359AB009FF321 /* Products */,
				41EE4F98D19C86EBB2150656 /* Pods */,
				A95FBC8A31F08C79376F71C9 /* Frameworks */,
			);
			sourceTree = "<group>";
		};
		EE2D305126F359AB009FF321 /* Products */ = {
			isa = PBXGroup;
			children = (
				EE2D305026F359AB009FF321 /* Assessment.app */,
				EE2D306626F359AE009FF321 /* AssessmentTests.xctest */,
				EE2D307126F359AE009FF321 /* AssessmentUITests.xctest */,
			);
			name = Products;
			sourceTree = "<group>";
		};
		EE2D305226F359AB009FF321 /* Assessment */ = {
			isa = PBXGroup;
			children = (
				EE28B29526F8C6BB00CD2C10 /* TableViewCells */,
				EE2D305326F359AB009FF321 /* AppDelegate.swift */,
				EE2D305526F359AB009FF321 /* SceneDelegate.swift */,
				EE2D305726F359AB009FF321 /* ViewController.swift */,
				EE2D305926F359AB009FF321 /* Main.storyboard */,
				EE2D305C26F359AE009FF321 /* Assets.xcassets */,
				EE2D305E26F359AE009FF321 /* LaunchScreen.storyboard */,
				EE2D306126F359AE009FF321 /* Info.plist */,
				EE2D308C26F4B2E6009FF321 /* SiteInfo.swift */,
				EE28B29C26F8CDC200CD2C10 /* Site.swift */,
			);
			path = Assessment;
			sourceTree = "<group>";
		};
		EE2D306926F359AE009FF321 /* AssessmentTests */ = {
			isa = PBXGroup;
			children = (
				EE2D306A26F359AE009FF321 /* AssessmentTests.swift */,
				EE2D306C26F359AE009FF321 /* Info.plist */,
			);
			path = AssessmentTests;
			sourceTree = "<group>";
		};
		EE2D307426F359AE009FF321 /* AssessmentUITests */ = {
			isa = PBXGroup;
			children = (
				EE2D307526F359AE009FF321 /* AssessmentUITests.swift */,
				EE2D307726F359AE009FF321 /* Info.plist */,
			);
			path = AssessmentUITests;
			sourceTree = "<group>";
		};
/* End PBXGroup section */

/* Begin PBXNativeTarget section */
		EE2D304F26F359AB009FF321 /* Assessment */ = {
			isa = PBXNativeTarget;
			buildConfigurationList = EE2D307A26F359AE009FF321 /* Build configuration list for PBXNativeTarget "Assessment" */;
			buildPhases = (
				D8C6638A4F8C852EFA17B751 /* [CP] Check Pods Manifest.lock */,
				EE2D304C26F359AB009FF321 /* Sources */,
				EE2D304D26F359AB009FF321 /* Frameworks */,
				EE2D304E26F359AB009FF321 /* Resources */,
				72E3840033A40E8A43C0D5CE /* [CP] Embed Pods Frameworks */,
			);
			buildRules = (
			);
			dependencies = (
			);
			name = Assessment;
			productName = Assessment;
			productReference = EE2D305026F359AB009FF321 /* Assessment.app */;
			productType = "com.apple.product-type.application";
		};
		EE2D306526F359AE009FF321 /* AssessmentTests */ = {
			isa = PBXNativeTarget;
			buildConfigurationList = EE2D307D26F359AE009FF321 /* Build configuration list for PBXNativeTarget "AssessmentTests" */;
			buildPhases = (
				C915F82B5FF8C76D973BF154 /* [CP] Check Pods Manifest.lock */,
				EE2D306226F359AE009FF321 /* Sources */,
				EE2D306326F359AE009FF321 /* Frameworks */,
				EE2D306426F359AE009FF321 /* Resources */,
			);
			buildRules = (
			);
			dependencies = (
				EE2D306826F359AE009FF321 /* PBXTargetDependency */,
			);
			name = AssessmentTests;
			productName = AssessmentTests;
			productReference = EE2D306626F359AE009FF321 /* AssessmentTests.xctest */;
			productType = "com.apple.product-type.bundle.unit-test";
		};
		EE2D307026F359AE009FF321 /* AssessmentUITests */ = {
			isa = PBXNativeTarget;
			buildConfigurationList = EE2D308026F359AE009FF321 /* Build configuration list for PBXNativeTarget "AssessmentUITests" */;
			buildPhases = (
				013E8D77C23498646CF25FF4 /* [CP] Check Pods Manifest.lock */,
				EE2D306D26F359AE009FF321 /* Sources */,
				EE2D306E26F359AE009FF321 /* Frameworks */,
				EE2D306F26F359AE009FF321 /* Resources */,
				6FC734E4DB0BF5465DBC1058 /* [CP] Embed Pods Frameworks */,
			);
			buildRules = (
			);
			dependencies = (
				EE2D307326F359AE009FF321 /* PBXTargetDependency */,
			);
			name = AssessmentUITests;
			productName = AssessmentUITests;
			productReference = EE2D307126F359AE009FF321 /* AssessmentUITests.xctest */;
			productType = "com.apple.product-type.bundle.ui-testing";
		};
/* End PBXNativeTarget section */

/* Begin PBXProject section */
		EE2D304826F359AB009FF321 /* Project object */ = {
			isa = PBXProject;
			attributes = {
				LastSwiftUpdateCheck = 1250;
				LastUpgradeCheck = 1250;
				TargetAttributes = {
					EE2D304F26F359AB009FF321 = {
						CreatedOnToolsVersion = 12.5;
					};
					EE2D306526F359AE009FF321 = {
						CreatedOnToolsVersion = 12.5;
						TestTargetID = EE2D304F26F359AB009FF321;
					};
					EE2D307026F359AE009FF321 = {
						CreatedOnToolsVersion = 12.5;
						TestTargetID = EE2D304F26F359AB009FF321;
					};
				};
			};
			buildConfigurationList = EE2D304B26F359AB009FF321 /* Build configuration list for PBXProject "Assessment" */;
			compatibilityVersion = "Xcode 9.3";
			developmentRegion = en;
			hasScannedForEncodings = 0;
			knownRegions = (
				en,
				Base,
			);
			mainGroup = EE2D304726F359AB009FF321;
			productRefGroup = EE2D305126F359AB009FF321 /* Products */;
			projectDirPath = "";
			projectRoot = "";
			targets = (
				EE2D304F26F359AB009FF321 /* Assessment */,
				EE2D306526F359AE009FF321 /* AssessmentTests */,
				EE2D307026F359AE009FF321 /* AssessmentUITests */,
			);
		};
/* End PBXProject section */

/* Begin PBXResourcesBuildPhase section */
		EE2D304E26F359AB009FF321 /* Resources */ = {
			isa = PBXResourcesBuildPhase;
			buildActionMask = 2147483647;
			files = (
				EE2D306026F359AE009FF321 /* LaunchScreen.storyboard in Resources */,
				EE28B29B26F8C6ED00CD2C10 /* SubtitleTableViewCell.xib in Resources */,
				EE2D305D26F359AE009FF321 /* Assets.xcassets in Resources */,
				EE2D305B26F359AB009FF321 /* Main.storyboard in Resources */,
			);
			runOnlyForDeploymentPostprocessing = 0;
		};
		EE2D306426F359AE009FF321 /* Resources */ = {
			isa = PBXResourcesBuildPhase;
			buildActionMask = 2147483647;
			files = (
			);
			runOnlyForDeploymentPostprocessing = 0;
		};
		EE2D306F26F359AE009FF321 /* Resources */ = {
			isa = PBXResourcesBuildPhase;
			buildActionMask = 2147483647;
			files = (
			);
			runOnlyForDeploymentPostprocessing = 0;
		};
/* End PBXResourcesBuildPhase section */

/* Begin PBXShellScriptBuildPhase section */
		013E8D77C23498646CF25FF4 /* [CP] Check Pods Manifest.lock */ = {
			isa = PBXShellScriptBuildPhase;
			buildActionMask = 2147483647;
			files = (
			);
			inputFileListPaths = (
			);
			inputPaths = (
				"${PODS_PODFILE_DIR_PATH}/Podfile.lock",
				"${PODS_ROOT}/Manifest.lock",
			);
			name = "[CP] Check Pods Manifest.lock";
			outputFileListPaths = (
			);
			outputPaths = (
				"$(DERIVED_FILE_DIR)/Pods-Assessment-AssessmentUITests-checkManifestLockResult.txt",
			);
			runOnlyForDeploymentPostprocessing = 0;
			shellPath = /bin/sh;
			shellScript = "diff \"${PODS_PODFILE_DIR_PATH}/Podfile.lock\" \"${PODS_ROOT}/Manifest.lock\" > /dev/null\nif [ $? != 0 ] ; then\n    # print error to STDERR\n    echo \"error: The sandbox is not in sync with the Podfile.lock. Run 'pod install' or update your CocoaPods installation.\" >&2\n    exit 1\nfi\n# This output is used by Xcode 'outputs' to avoid re-running this script phase.\necho \"SUCCESS\" > \"${SCRIPT_OUTPUT_FILE_0}\"\n";
			showEnvVarsInLog = 0;
		};
		6FC734E4DB0BF5465DBC1058 /* [CP] Embed Pods Frameworks */ = {
			isa = PBXShellScriptBuildPhase;
			buildActionMask = 2147483647;
			files = (
			);
			inputFileListPaths = (
				"${PODS_ROOT}/Target Support Files/Pods-Assessment-AssessmentUITests/Pods-Assessment-AssessmentUITests-frameworks-${CONFIGURATION}-input-files.xcfilelist",
			);
			name = "[CP] Embed Pods Frameworks";
			outputFileListPaths = (
				"${PODS_ROOT}/Target Support Files/Pods-Assessment-AssessmentUITests/Pods-Assessment-AssessmentUITests-frameworks-${CONFIGURATION}-output-files.xcfilelist",
			);
			runOnlyForDeploymentPostprocessing = 0;
			shellPath = /bin/sh;
			shellScript = "\"${PODS_ROOT}/Target Support Files/Pods-Assessment-AssessmentUITests/Pods-Assessment-AssessmentUITests-frameworks.sh\"\n";
			showEnvVarsInLog = 0;
		};
		72E3840033A40E8A43C0D5CE /* [CP] Embed Pods Frameworks */ = {
			isa = PBXShellScriptBuildPhase;
			buildActionMask = 2147483647;
			files = (
			);
			inputFileListPaths = (
				"${PODS_ROOT}/Target Support Files/Pods-Assessment/Pods-Assessment-frameworks-${CONFIGURATION}-input-files.xcfilelist",
			);
			name = "[CP] Embed Pods Frameworks";
			outputFileListPaths = (
				"${PODS_ROOT}/Target Support Files/Pods-Assessment/Pods-Assessment-frameworks-${CONFIGURATION}-output-files.xcfilelist",
			);
			runOnlyForDeploymentPostprocessing = 0;
			shellPath = /bin/sh;
			shellScript = "\"${PODS_ROOT}/Target Support Files/Pods-Assessment/Pods-Assessment-frameworks.sh\"\n";
			showEnvVarsInLog = 0;
		};
		C915F82B5FF8C76D973BF154 /* [CP] Check Pods Manifest.lock */ = {
			isa = PBXShellScriptBuildPhase;
			buildActionMask = 2147483647;
			files = (
			);
			inputFileListPaths = (
			);
			inputPaths = (
				"${PODS_PODFILE_DIR_PATH}/Podfile.lock",
				"${PODS_ROOT}/Manifest.lock",
			);
			name = "[CP] Check Pods Manifest.lock";
			outputFileListPaths = (
			);
			outputPaths = (
				"$(DERIVED_FILE_DIR)/Pods-AssessmentTests-checkManifestLockResult.txt",
			);
			runOnlyForDeploymentPostprocessing = 0;
			shellPath = /bin/sh;
			shellScript = "diff \"${PODS_PODFILE_DIR_PATH}/Podfile.lock\" \"${PODS_ROOT}/Manifest.lock\" > /dev/null\nif [ $? != 0 ] ; then\n    # print error to STDERR\n    echo \"error: The sandbox is not in sync with the Podfile.lock. Run 'pod install' or update your CocoaPods installation.\" >&2\n    exit 1\nfi\n# This output is used by Xcode 'outputs' to avoid re-running this script phase.\necho \"SUCCESS\" > \"${SCRIPT_OUTPUT_FILE_0}\"\n";
			showEnvVarsInLog = 0;
		};
		D8C6638A4F8C852EFA17B751 /* [CP] Check Pods Manifest.lock */ = {
			isa = PBXShellScriptBuildPhase;
			buildActionMask = 2147483647;
			files = (
			);
			inputFileListPaths = (
			);
			inputPaths = (
				"${PODS_PODFILE_DIR_PATH}/Podfile.lock",
				"${PODS_ROOT}/Manifest.lock",
			);
			name = "[CP] Check Pods Manifest.lock";
			outputFileListPaths = (
			);
			outputPaths = (
				"$(DERIVED_FILE_DIR)/Pods-Assessment-checkManifestLockResult.txt",
			);
			runOnlyForDeploymentPostprocessing = 0;
			shellPath = /bin/sh;
			shellScript = "diff \"${PODS_PODFILE_DIR_PATH}/Podfile.lock\" \"${PODS_ROOT}/Manifest.lock\" > /dev/null\nif [ $? != 0 ] ; then\n    # print error to STDERR\n    echo \"error: The sandbox is not in sync with the Podfile.lock. Run 'pod install' or update your CocoaPods installation.\" >&2\n    exit 1\nfi\n# This output is used by Xcode 'outputs' to avoid re-running this script phase.\necho \"SUCCESS\" > \"${SCRIPT_OUTPUT_FILE_0}\"\n";
			showEnvVarsInLog = 0;
		};
/* End PBXShellScriptBuildPhase section */

/* Begin PBXSourcesBuildPhase section */
		EE2D304C26F359AB009FF321 /* Sources */ = {
			isa = PBXSourcesBuildPhase;
			buildActionMask = 2147483647;
			files = (
				EE2D308D26F4B2E6009FF321 /* SiteInfo.swift in Sources */,
				EE2D305826F359AB009FF321 /* ViewController.swift in Sources */,
				EE28B29A26F8C6ED00CD2C10 /* SubtitleTableViewCell.swift in Sources */,
				EE2D305426F359AB009FF321 /* AppDelegate.swift in Sources */,
				EE28B29D26F8CDC200CD2C10 /* Site.swift in Sources */,
				EE2D305626F359AB009FF321 /* SceneDelegate.swift in Sources */,
			);
			runOnlyForDeploymentPostprocessing = 0;
		};
		EE2D306226F359AE009FF321 /* Sources */ = {
			isa = PBXSourcesBuildPhase;
			buildActionMask = 2147483647;
			files = (
				EE2D306B26F359AE009FF321 /* AssessmentTests.swift in Sources */,
			);
			runOnlyForDeploymentPostprocessing = 0;
		};
		EE2D306D26F359AE009FF321 /* Sources */ = {
			isa = PBXSourcesBuildPhase;
			buildActionMask = 2147483647;
			files = (
				EE2D307626F359AE009FF321 /* AssessmentUITests.swift in Sources */,
			);
			runOnlyForDeploymentPostprocessing = 0;
		};
/* End PBXSourcesBuildPhase section */

/* Begin PBXTargetDependency section */
		EE2D306826F359AE009FF321 /* PBXTargetDependency */ = {
			isa = PBXTargetDependency;
			target = EE2D304F26F359AB009FF321 /* Assessment */;
			targetProxy = EE2D306726F359AE009FF321 /* PBXContainerItemProxy */;
		};
		EE2D307326F359AE009FF321 /* PBXTargetDependency */ = {
			isa = PBXTargetDependency;
			target = EE2D304F26F359AB009FF321 /* Assessment */;
			targetProxy = EE2D307226F359AE009FF321 /* PBXContainerItemProxy */;
		};
/* End PBXTargetDependency section */

/* Begin PBXVariantGroup section */
		EE2D305926F359AB009FF321 /* Main.storyboard */ = {
			isa = PBXVariantGroup;
			children = (
				EE2D305A26F359AB009FF321 /* Base */,
			);
			name = Main.storyboard;
			sourceTree = "<group>";
		};
		EE2D305E26F359AE009FF321 /* LaunchScreen.storyboard */ = {
			isa = PBXVariantGroup;
			children = (
				EE2D305F26F359AE009FF321 /* Base */,
			);
			name = LaunchScreen.storyboard;
			sourceTree = "<group>";
		};
/* End PBXVariantGroup section */

/* Begin XCBuildConfiguration section */
		EE2D307826F359AE009FF321 /* Debug */ = {
			isa = XCBuildConfiguration;
			buildSettings = {
				ALWAYS_SEARCH_USER_PATHS = NO;
				CLANG_ANALYZER_NONNULL = YES;
				CLANG_ANALYZER_NUMBER_OBJECT_CONVERSION = YES_AGGRESSIVE;
				CLANG_CXX_LANGUAGE_STANDARD = "gnu++14";
				CLANG_CXX_LIBRARY = "libc++";
				CLANG_ENABLE_MODULES = YES;
				CLANG_ENABLE_OBJC_ARC = YES;
				CLANG_ENABLE_OBJC_WEAK = YES;
				CLANG_WARN_BLOCK_CAPTURE_AUTORELEASING = YES;
				CLANG_WARN_BOOL_CONVERSION = YES;
				CLANG_WARN_COMMA = YES;
				CLANG_WARN_CONSTANT_CONVERSION = YES;
				CLANG_WARN_DEPRECATED_OBJC_IMPLEMENTATIONS = YES;
				CLANG_WARN_DIRECT_OBJC_ISA_USAGE = YES_ERROR;
				CLANG_WARN_DOCUMENTATION_COMMENTS = YES;
				CLANG_WARN_EMPTY_BODY = YES;
				CLANG_WARN_ENUM_CONVERSION = YES;
				CLANG_WARN_INFINITE_RECURSION = YES;
				CLANG_WARN_INT_CONVERSION = YES;
				CLANG_WARN_NON_LITERAL_NULL_CONVERSION = YES;
				CLANG_WARN_OBJC_IMPLICIT_RETAIN_SELF = YES;
				CLANG_WARN_OBJC_LITERAL_CONVERSION = YES;
				CLANG_WARN_OBJC_ROOT_CLASS = YES_ERROR;
				CLANG_WARN_QUOTED_INCLUDE_IN_FRAMEWORK_HEADER = YES;
				CLANG_WARN_RANGE_LOOP_ANALYSIS = YES;
				CLANG_WARN_STRICT_PROTOTYPES = YES;
				CLANG_WARN_SUSPICIOUS_MOVE = YES;
				CLANG_WARN_UNGUARDED_AVAILABILITY = YES_AGGRESSIVE;
				CLANG_WARN_UNREACHABLE_CODE = YES;
				CLANG_WARN__DUPLICATE_METHOD_MATCH = YES;
				COPY_PHASE_STRIP = NO;
				DEBUG_INFORMATION_FORMAT = dwarf;
				ENABLE_STRICT_OBJC_MSGSEND = YES;
				ENABLE_TESTABILITY = YES;
				GCC_C_LANGUAGE_STANDARD = gnu11;
				GCC_DYNAMIC_NO_PIC = NO;
				GCC_NO_COMMON_BLOCKS = YES;
				GCC_OPTIMIZATION_LEVEL = 0;
				GCC_PREPROCESSOR_DEFINITIONS = (
					"DEBUG=1",
					"$(inherited)",
				);
				GCC_WARN_64_TO_32_BIT_CONVERSION = YES;
				GCC_WARN_ABOUT_RETURN_TYPE = YES_ERROR;
				GCC_WARN_UNDECLARED_SELECTOR = YES;
				GCC_WARN_UNINITIALIZED_AUTOS = YES_AGGRESSIVE;
				GCC_WARN_UNUSED_FUNCTION = YES;
				GCC_WARN_UNUSED_VARIABLE = YES;
				IPHONEOS_DEPLOYMENT_TARGET = 14.5;
				MTL_ENABLE_DEBUG_INFO = INCLUDE_SOURCE;
				MTL_FAST_MATH = YES;
				ONLY_ACTIVE_ARCH = YES;
				SDKROOT = iphoneos;
				SWIFT_ACTIVE_COMPILATION_CONDITIONS = DEBUG;
				SWIFT_OPTIMIZATION_LEVEL = "-Onone";
			};
			name = Debug;
		};
		EE2D307926F359AE009FF321 /* Release */ = {
			isa = XCBuildConfiguration;
			buildSettings = {
				ALWAYS_SEARCH_USER_PATHS = NO;
				CLANG_ANALYZER_NONNULL = YES;
				CLANG_ANALYZER_NUMBER_OBJECT_CONVERSION = YES_AGGRESSIVE;
				CLANG_CXX_LANGUAGE_STANDARD = "gnu++14";
				CLANG_CXX_LIBRARY = "libc++";
				CLANG_ENABLE_MODULES = YES;
				CLANG_ENABLE_OBJC_ARC = YES;
				CLANG_ENABLE_OBJC_WEAK = YES;
				CLANG_WARN_BLOCK_CAPTURE_AUTORELEASING = YES;
				CLANG_WARN_BOOL_CONVERSION = YES;
				CLANG_WARN_COMMA = YES;
				CLANG_WARN_CONSTANT_CONVERSION = YES;
				CLANG_WARN_DEPRECATED_OBJC_IMPLEMENTATIONS = YES;
				CLANG_WARN_DIRECT_OBJC_ISA_USAGE = YES_ERROR;
				CLANG_WARN_DOCUMENTATION_COMMENTS = YES;
				CLANG_WARN_EMPTY_BODY = YES;
				CLANG_WARN_ENUM_CONVERSION = YES;
				CLANG_WARN_INFINITE_RECURSION = YES;
				CLANG_WARN_INT_CONVERSION = YES;
				CLANG_WARN_NON_LITERAL_NULL_CONVERSION = YES;
				CLANG_WARN_OBJC_IMPLICIT_RETAIN_SELF = YES;
				CLANG_WARN_OBJC_LITERAL_CONVERSION = YES;
				CLANG_WARN_OBJC_ROOT_CLASS = YES_ERROR;
				CLANG_WARN_QUOTED_INCLUDE_IN_FRAMEWORK_HEADER = YES;
				CLANG_WARN_RANGE_LOOP_ANALYSIS = YES;
				CLANG_WARN_STRICT_PROTOTYPES = YES;
				CLANG_WARN_SUSPICIOUS_MOVE = YES;
				CLANG_WARN_UNGUARDED_AVAILABILITY = YES_AGGRESSIVE;
				CLANG_WARN_UNREACHABLE_CODE = YES;
				CLANG_WARN__DUPLICATE_METHOD_MATCH = YES;
				COPY_PHASE_STRIP = NO;
				DEBUG_INFORMATION_FORMAT = "dwarf-with-dsym";
				ENABLE_NS_ASSERTIONS = NO;
				ENABLE_STRICT_OBJC_MSGSEND = YES;
				GCC_C_LANGUAGE_STANDARD = gnu11;
				GCC_NO_COMMON_BLOCKS = YES;
				GCC_WARN_64_TO_32_BIT_CONVERSION = YES;
				GCC_WARN_ABOUT_RETURN_TYPE = YES_ERROR;
				GCC_WARN_UNDECLARED_SELECTOR = YES;
				GCC_WARN_UNINITIALIZED_AUTOS = YES_AGGRESSIVE;
				GCC_WARN_UNUSED_FUNCTION = YES;
				GCC_WARN_UNUSED_VARIABLE = YES;
				IPHONEOS_DEPLOYMENT_TARGET = 14.5;
				MTL_ENABLE_DEBUG_INFO = NO;
				MTL_FAST_MATH = YES;
				SDKROOT = iphoneos;
				SWIFT_COMPILATION_MODE = wholemodule;
				SWIFT_OPTIMIZATION_LEVEL = "-O";
				VALIDATE_PRODUCT = YES;
			};
			name = Release;
		};
		EE2D307B26F359AE009FF321 /* Debug */ = {
			isa = XCBuildConfiguration;
			baseConfigurationReference = 541F2E915AB89A9E227AF211 /* Pods-Assessment.debug.xcconfig */;
			buildSettings = {
				ASSETCATALOG_COMPILER_APPICON_NAME = AppIcon;
				ASSETCATALOG_COMPILER_GLOBAL_ACCENT_COLOR_NAME = AccentColor;
				CODE_SIGN_STYLE = Automatic;
				DEVELOPMENT_TEAM = PCBM9FDWQR;
				INFOPLIST_FILE = Assessment/Info.plist;
				LD_RUNPATH_SEARCH_PATHS = (
					"$(inherited)",
					"@executable_path/Frameworks",
				);
				PRODUCT_BUNDLE_IDENTIFIER = TW.Assessment;
				PRODUCT_NAME = "$(TARGET_NAME)";
				SWIFT_VERSION = 5.0;
				TARGETED_DEVICE_FAMILY = "1,2";
			};
			name = Debug;
		};
		EE2D307C26F359AE009FF321 /* Release */ = {
			isa = XCBuildConfiguration;
			baseConfigurationReference = 42C12DB39383DBC65F585F8A /* Pods-Assessment.release.xcconfig */;
			buildSettings = {
				ASSETCATALOG_COMPILER_APPICON_NAME = AppIcon;
				ASSETCATALOG_COMPILER_GLOBAL_ACCENT_COLOR_NAME = AccentColor;
				CODE_SIGN_STYLE = Automatic;
				DEVELOPMENT_TEAM = PCBM9FDWQR;
				INFOPLIST_FILE = Assessment/Info.plist;
				LD_RUNPATH_SEARCH_PATHS = (
					"$(inherited)",
					"@executable_path/Frameworks",
				);
				PRODUCT_BUNDLE_IDENTIFIER = TW.Assessment;
				PRODUCT_NAME = "$(TARGET_NAME)";
				SWIFT_VERSION = 5.0;
				TARGETED_DEVICE_FAMILY = "1,2";
			};
			name = Release;
		};
		EE2D307E26F359AE009FF321 /* Debug */ = {
			isa = XCBuildConfiguration;
			baseConfigurationReference = C48170DCDE251507D4E7559B /* Pods-AssessmentTests.debug.xcconfig */;
			buildSettings = {
				ALWAYS_EMBED_SWIFT_STANDARD_LIBRARIES = YES;
				BUNDLE_LOADER = "$(TEST_HOST)";
				CODE_SIGN_STYLE = Automatic;
				DEVELOPMENT_TEAM = PCBM9FDWQR;
				INFOPLIST_FILE = AssessmentTests/Info.plist;
				IPHONEOS_DEPLOYMENT_TARGET = 14.5;
				LD_RUNPATH_SEARCH_PATHS = (
					"$(inherited)",
					"@executable_path/Frameworks",
					"@loader_path/Frameworks",
				);
				PRODUCT_BUNDLE_IDENTIFIER = TW.AssessmentTests;
				PRODUCT_NAME = "$(TARGET_NAME)";
				SWIFT_VERSION = 5.0;
				TARGETED_DEVICE_FAMILY = "1,2";
				TEST_HOST = "$(BUILT_PRODUCTS_DIR)/Assessment.app/Assessment";
			};
			name = Debug;
		};
		EE2D307F26F359AE009FF321 /* Release */ = {
			isa = XCBuildConfiguration;
			baseConfigurationReference = 70121641F66FBA90EF4DB88F /* Pods-AssessmentTests.release.xcconfig */;
			buildSettings = {
				ALWAYS_EMBED_SWIFT_STANDARD_LIBRARIES = YES;
				BUNDLE_LOADER = "$(TEST_HOST)";
				CODE_SIGN_STYLE = Automatic;
				DEVELOPMENT_TEAM = PCBM9FDWQR;
				INFOPLIST_FILE = AssessmentTests/Info.plist;
				IPHONEOS_DEPLOYMENT_TARGET = 14.5;
				LD_RUNPATH_SEARCH_PATHS = (
					"$(inherited)",
					"@executable_path/Frameworks",
					"@loader_path/Frameworks",
				);
				PRODUCT_BUNDLE_IDENTIFIER = TW.AssessmentTests;
				PRODUCT_NAME = "$(TARGET_NAME)";
				SWIFT_VERSION = 5.0;
				TARGETED_DEVICE_FAMILY = "1,2";
				TEST_HOST = "$(BUILT_PRODUCTS_DIR)/Assessment.app/Assessment";
			};
			name = Release;
		};
		EE2D308126F359AE009FF321 /* Debug */ = {
			isa = XCBuildConfiguration;
			baseConfigurationReference = 6432810C8B5EF405565925DD /* Pods-Assessment-AssessmentUITests.debug.xcconfig */;
			buildSettings = {
				ALWAYS_EMBED_SWIFT_STANDARD_LIBRARIES = YES;
				CODE_SIGN_STYLE = Automatic;
				DEVELOPMENT_TEAM = PCBM9FDWQR;
				INFOPLIST_FILE = AssessmentUITests/Info.plist;
				LD_RUNPATH_SEARCH_PATHS = (
					"$(inherited)",
					"@executable_path/Frameworks",
					"@loader_path/Frameworks",
				);
				PRODUCT_BUNDLE_IDENTIFIER = TW.AssessmentUITests;
				PRODUCT_NAME = "$(TARGET_NAME)";
				SWIFT_VERSION = 5.0;
				TARGETED_DEVICE_FAMILY = "1,2";
				TEST_TARGET_NAME = Assessment;
			};
			name = Debug;
		};
		EE2D308226F359AE009FF321 /* Release */ = {
			isa = XCBuildConfiguration;
			baseConfigurationReference = 9FC3E80DE19264A8DA1F253C /* Pods-Assessment-AssessmentUITests.release.xcconfig */;
			buildSettings = {
				ALWAYS_EMBED_SWIFT_STANDARD_LIBRARIES = YES;
				CODE_SIGN_STYLE = Automatic;
				DEVELOPMENT_TEAM = PCBM9FDWQR;
				INFOPLIST_FILE = AssessmentUITests/Info.plist;
				LD_RUNPATH_SEARCH_PATHS = (
					"$(inherited)",
					"@executable_path/Frameworks",
					"@loader_path/Frameworks",
				);
				PRODUCT_BUNDLE_IDENTIFIER = TW.AssessmentUITests;
				PRODUCT_NAME = "$(TARGET_NAME)";
				SWIFT_VERSION = 5.0;
				TARGETED_DEVICE_FAMILY = "1,2";
				TEST_TARGET_NAME = Assessment;
			};
			name = Release;
		};
/* End XCBuildConfiguration section */

/* Begin XCConfigurationList section */
		EE2D304B26F359AB009FF321 /* Build configuration list for PBXProject "Assessment" */ = {
			isa = XCConfigurationList;
			buildConfigurations = (
				EE2D307826F359AE009FF321 /* Debug */,
				EE2D307926F359AE009FF321 /* Release */,
			);
			defaultConfigurationIsVisible = 0;
			defaultConfigurationName = Release;
		};
		EE2D307A26F359AE009FF321 /* Build configuration list for PBXNativeTarget "Assessment" */ = {
			isa = XCConfigurationList;
			buildConfigurations = (
				EE2D307B26F359AE009FF321 /* Debug */,
				EE2D307C26F359AE009FF321 /* Release */,
			);
			defaultConfigurationIsVisible = 0;
			defaultConfigurationName = Release;
		};
		EE2D307D26F359AE009FF321 /* Build configuration list for PBXNativeTarget "AssessmentTests" */ = {
			isa = XCConfigurationList;
			buildConfigurations = (
				EE2D307E26F359AE009FF321 /* Debug */,
				EE2D307F26F359AE009FF321 /* Release */,
			);
			defaultConfigurationIsVisible = 0;
			defaultConfigurationName = Release;
		};
		EE2D308026F359AE009FF321 /* Build configuration list for PBXNativeTarget "AssessmentUITests" */ = {
			isa = XCConfigurationList;
			buildConfigurations = (
				EE2D308126F359AE009FF321 /* Debug */,
				EE2D308226F359AE009FF321 /* Release */,
			);
			defaultConfigurationIsVisible = 0;
			defaultConfigurationName = Release;
		};
/* End XCConfigurationList section */
	};
	rootObject = EE2D304826F359AB009FF321 /* Project object */;
}
